
Microsoft Visual Studio Solution File, Format Version 12.00
# Visual Studio Version 17
VisualStudioVersion = 17.8.34525.116
MinimumVisualStudioVersion = 10.0.40219.1
Project("{FAE04EC0-301F-11D3-BF4B-00C04F79EFBC}") = "Transaction_App", "Transaction_App\Transaction_App.csproj", "{00464E3D-BC07-425F-BC7E-71690D316EF2}"
EndProject
Global
	GlobalSection(SolutionConfigurationPlatforms) = preSolution
		Debug|Any CPU = Debug|Any CPU
		Release|Any CPU = Release|Any CPU
	EndGlobalSection
	GlobalSection(ProjectConfigurationPlatforms) = postSolution
		{00464E3D-BC07-425F-BC7E-71690D316EF2}.Debug|Any CPU.ActiveCfg = Debug|Any CPU
		{00464E3D-BC07-425F-BC7E-71690D316EF2}.Debug|Any CPU.Build.0 = Debug|Any CPU
		{00464E3D-BC07-425F-BC7E-71690D316EF2}.Release|Any CPU.ActiveCfg = Release|Any CPU
		{00464E3D-BC07-425F-BC7E-71690D316EF2}.Release|Any CPU.Build.0 = Release|Any CPU
	EndGlobalSection
	GlobalSection(SolutionProperties) = preSolution
		HideSolutionNode = FALSE
	EndGlobalSection
	GlobalSection(ExtensibilityGlobals) = postSolution
		SolutionGuid = {2155A90D-0A57-454F-B776-C87C46FA45B8}
	EndGlobalSection
EndGlobal
